// !$*UTF8*$!
{
	archiveVersion = 1;
	classes = {
	};
	objectVersion = 46;
	objects = {

/* Begin PBXBuildFile section */
		8C6273851AF7C545002D658E /* main.m in Sources */ = {isa = PBXBuildFile; fileRef = 8C6273841AF7C545002D658E /* main.m */; };
		8C6273881AF7C545002D658E /* AppDelegate.m in Sources */ = {isa = PBXBuildFile; fileRef = 8C6273871AF7C545002D658E /* AppDelegate.m */; };
		8C62738B1AF7C545002D658E /* ViewController.m in Sources */ = {isa = PBXBuildFile; fileRef = 8C62738A1AF7C545002D658E /* ViewController.m */; };
		8C62738E1AF7C545002D658E /* Main.storyboard in Resources */ = {isa = PBXBuildFile; fileRef = 8C62738C1AF7C545002D658E /* Main.storyboard */; };
		8C6273901AF7C545002D658E /* Images.xcassets in Resources */ = {isa = PBXBuildFile; fileRef = 8C62738F1AF7C545002D658E /* Images.xcassets */; };
		8C6273931AF7C545002D658E /* LaunchScreen.xib in Resources */ = {isa = PBXBuildFile; fileRef = 8C6273911AF7C545002D658E /* LaunchScreen.xib */; };
		8C62739F1AF7C545002D658E /* Stretch4Tests.m in Sources */ = {isa = PBXBuildFile; fileRef = 8C62739E1AF7C545002D658E /* Stretch4Tests.m */; };
/* End PBXBuildFile section */

/* Begin PBXContainerItemProxy section */
		8C6273991AF7C545002D658E /* PBXContainerItemProxy */ = {
			isa = PBXContainerItemProxy;
			containerPortal = 8C6273771AF7C545002D658E /* Project object */;
			proxyType = 1;
			remoteGlobalIDString = 8C62737E1AF7C545002D658E;
			remoteInfo = Stretch4;
		};
/* End PBXContainerItemProxy section */

/* Begin PBXFileReference section */
		8C62737F1AF7C545002D658E /* Stretch4.app */ = {isa = PBXFileReference; explicitFileType = wrapper.application; includeInIndex = 0; path = Stretch4.app; sourceTree = BUILT_PRODUCTS_DIR; };
		8C6273831AF7C545002D658E /* Info.plist */ = {isa = PBXFileReference; lastKnownFileType = text.plist.xml; path = Info.plist; sourceTree = "<group>"; };
		8C6273841AF7C545002D658E /* main.m */ = {isa = PBXFileReference; lastKnownFileType = sourcecode.c.objc; path = main.m; sourceTree = "<group>"; };
		8C6273861AF7C545002D658E /* AppDelegate.h */ = {isa = PBXFileReference; lastKnownFileType = sourcecode.c.h; path = AppDelegate.h; sourceTree = "<group>"; };
		8C6273871AF7C545002D658E /* AppDelegate.m */ = {isa = PBXFileReference; lastKnownFileType = sourcecode.c.objc; path = AppDelegate.m; sourceTree = "<group>"; };
		8C6273891AF7C545002D658E /* ViewController.h */ = {isa = PBXFileReference; lastKnownFileType = sourcecode.c.h; path = ViewController.h; sourceTree = "<group>"; };
		8C62738A1AF7C545002D658E /* ViewController.m */ = {isa = PBXFileReference; lastKnownFileType = sourcecode.c.objc; path = ViewController.m; sourceTree = "<group>"; };
		8C62738D1AF7C545002D658E /* Base */ = {isa = PBXFileReference; lastKnownFileType = file.storyboard; name = Base; path = Base.lproj/Main.storyboard; sourceTree = "<group>"; };
		8C62738F1AF7C545002D658E /* Images.xcassets */ = {isa = PBXFileReference; lastKnownFileType = folder.assetcatalog; path = Images.xcassets; sourceTree = "<group>"; };
		8C6273921AF7C545002D658E /* Base */ = {isa = PBXFileReference; lastKnownFileType = file.xib; name = Base; path = Base.lproj/LaunchScreen.xib; sourceTree = "<group>"; };
		8C6273981AF7C545002D658E /* Stretch4Tests.xctest */ = {isa = PBXFileReference; explicitFileType = wrapper.cfbundle; includeInIndex = 0; path = Stretch4Tests.xctest; sourceTree = BUILT_PRODUCTS_DIR; };
		8C62739D1AF7C545002D658E /* Info.plist */ = {isa = PBXFileReference; lastKnownFileType = text.plist.xml; path = Info.plist; sourceTree = "<group>"; };
		8C62739E1AF7C545002D658E /* Stretch4Tests.m */ = {isa = PBXFileReference; lastKnownFileType = sourcecode.c.objc; path = Stretch4Tests.m; sourceTree = "<group>"; };
/* End PBXFileReference section */

/* Begin PBXFrameworksBuildPhase section */
		8C62737C1AF7C545002D658E /* Frameworks */ = {
			isa = PBXFrameworksBuildPhase;
			buildActionMask = 2147483647;
			files = (
			);
			runOnlyForDeploymentPostprocessing = 0;
		};
		8C6273951AF7C545002D658E /* Frameworks */ = {
			isa = PBXFrameworksBuildPhase;
			buildActionMask = 2147483647;
			files = (
			);
			runOnlyForDeploymentPostprocessing = 0;
		};
/* End PBXFrameworksBuildPhase section */

/* Begin PBXGroup section */
		8C6273761AF7C545002D658E = {
			isa = PBXGroup;
			children = (
				8C6273811AF7C545002D658E /* Stretch4 */,
				8C62739B1AF7C545002D658E /* Stretch4Tests */,
				8C6273801AF7C545002D658E /* Products */,
			);
			sourceTree = "<group>";
		};
		8C6273801AF7C545002D658E /* Products */ = {
			isa = PBXGroup;
			children = (
				8C62737F1AF7C545002D658E /* Stretch4.app */,
				8C6273981AF7C545002D658E /* Stretch4Tests.xctest */,
			);
			name = Products;
			sourceTree = "<group>";
		};
		8C6273811AF7C545002D658E /* Stretch4 */ = {
			isa = PBXGroup;
			children = (
				8C6273861AF7C545002D658E /* AppDelegate.h */,
				8C6273871AF7C545002D658E /* AppDelegate.m */,
				8C6273891AF7C545002D658E /* ViewController.h */,
				8C62738A1AF7C545002D658E /* ViewController.m */,
				8C62738C1AF7C545002D658E /* Main.storyboard */,
				8C62738F1AF7C545002D658E /* Images.xcassets */,
				8C6273911AF7C545002D658E /* LaunchScreen.xib */,
				8C6273821AF7C545002D658E /* Supporting Files */,
			);
			path = Stretch4;
			sourceTree = "<group>";
		};
		8C6273821AF7C545002D658E /* Supporting Files */ = {
			isa = PBXGroup;
			children = (
				8C6273831AF7C545002D658E /* Info.plist */,
				8C6273841AF7C545002D658E /* main.m */,
			);
			name = "Supporting Files";
			sourceTree = "<group>";
		};
		8C62739B1AF7C545002D658E /* Stretch4Tests */ = {
			isa = PBXGroup;
			children = (
				8C62739E1AF7C545002D658E /* Stretch4Tests.m */,
				8C62739C1AF7C545002D658E /* Supporting Files */,
			);
			path = Stretch4Tests;
			sourceTree = "<group>";
		};
		8C62739C1AF7C545002D658E /* Supporting Files */ = {
			isa = PBXGroup;
			children = (
				8C62739D1AF7C545002D658E /* Info.plist */,
			);
			name = "Supporting Files";
			sourceTree = "<group>";
		};
/* End PBXGroup section */

/* Begin PBXNativeTarget section */
		8C62737E1AF7C545002D658E /* Stretch4 */ = {
			isa = PBXNativeTarget;
			buildConfigurationList = 8C6273A21AF7C545002D658E /* Build configuration list for PBXNativeTarget "Stretch4" */;
			buildPhases = (
				8C62737B1AF7C545002D658E /* Sources */,
				8C62737C1AF7C545002D658E /* Frameworks */,
				8C62737D1AF7C545002D658E /* Resources */,
			);
			buildRules = (
			);
			dependencies = (
			);
			name = Stretch4;
			productName = Stretch4;
			productReference = 8C62737F1AF7C545002D658E /* Stretch4.app */;
			productType = "com.apple.product-type.application";
		};
		8C6273971AF7C545002D658E /* Stretch4Tests */ = {
			isa = PBXNativeTarget;
			buildConfigurationList = 8C6273A51AF7C545002D658E /* Build configuration list for PBXNativeTarget "Stretch4Tests" */;
			buildPhases = (
				8C6273941AF7C545002D658E /* Sources */,
				8C6273951AF7C545002D658E /* Frameworks */,
				8C6273961AF7C545002D658E /* Resources */,
			);
			buildRules = (
			);
			dependencies = (
				8C62739A1AF7C545002D658E /* PBXTargetDependency */,
			);
			name = Stretch4Tests;
			productName = Stretch4Tests;
			productReference = 8C6273981AF7C545002D658E /* Stretch4Tests.xctest */;
			productType = "com.apple.product-type.bundle.unit-test";
		};
/* End PBXNativeTarget section */

/* Begin PBXProject section */
		8C6273771AF7C545002D658E /* Project object */ = {
			isa = PBXProject;
			attributes = {
				LastUpgradeCheck = 0620;
				ORGANIZATIONNAME = "Michael Sacks";
				TargetAttributes = {
					8C62737E1AF7C545002D658E = {
						CreatedOnToolsVersion = 6.2;
					};
					8C6273971AF7C545002D658E = {
						CreatedOnToolsVersion = 6.2;
						TestTargetID = 8C62737E1AF7C545002D658E;
					};
				};
			};
			buildConfigurationList = 8C62737A1AF7C545002D658E /* Build configuration list for PBXProject "Stretch4" */;
			compatibilityVersion = "Xcode 3.2";
			developmentRegion = English;
			hasScannedForEncodings = 0;
			knownRegions = (
				en,
				Base,
			);
			mainGroup = 8C6273761AF7C545002D658E;
			productRefGroup = 8C6273801AF7C545002D658E /* Products */;
			projectDirPath = "";
			projectRoot = "";
			targets = (
				8C62737E1AF7C545002D658E /* Stretch4 */,
				8C6273971AF7C545002D658E /* Stretch4Tests */,
			);
		};
/* End PBXProject section */

/* Begin PBXResourcesBuildPhase section */
		8C62737D1AF7C545002D658E /* Resources */ = {
			isa = PBXResourcesBuildPhase;
			buildActionMask = 2147483647;
			files = (
				8C62738E1AF7C545002D658E /* Main.storyboard in Resources */,
				8C6273931AF7C545002D658E /* LaunchScreen.xib in Resources */,
				8C6273901AF7C545002D658E /* Images.xcassets in Resources */,
			);
			runOnlyForDeploymentPostprocessing = 0;
		};
		8C6273961AF7C545002D658E /* Resources */ = {
			isa = PBXResourcesBuildPhase;
			buildActionMask = 2147483647;
			files = (
			);
			runOnlyForDeploymentPostprocessing = 0;
		};
/* End PBXResourcesBuildPhase section */

/* Begin PBXSourcesBuildPhase section */
		8C62737B1AF7C545002D658E /* Sources */ = {
			isa = PBXSourcesBuildPhase;
			buildActionMask = 2147483647;
			files = (
				8C62738B1AF7C545002D658E /* ViewController.m in Sources */,
				8C6273881AF7C545002D658E /* AppDelegate.m in Sources */,
				8C6273851AF7C545002D658E /* main.m in Sources */,
			);
			runOnlyForDeploymentPostprocessing = 0;
		};
		8C6273941AF7C545002D658E /* Sources */ = {
			isa = PBXSourcesBuildPhase;
			buildActionMask = 2147483647;
			files = (
				8C62739F1AF7C545002D658E /* Stretch4Tests.m in Sources */,
			);
			runOnlyForDeploymentPostprocessing = 0;
		};
/* End PBXSourcesBuildPhase section */

/* Begin PBXTargetDependency section */
		8C62739A1AF7C545002D658E /* PBXTargetDependency */ = {
			isa = PBXTargetDependency;
			target = 8C62737E1AF7C545002D658E /* Stretch4 */;
			targetProxy = 8C6273991AF7C545002D658E /* PBXContainerItemProxy */;
		};
/* End PBXTargetDependency section */

/* Begin PBXVariantGroup section */
		8C62738C1AF7C545002D658E /* Main.storyboard */ = {
			isa = PBXVariantGroup;
			children = (
				8C62738D1AF7C545002D658E /* Base */,
			);
			name = Main.storyboard;
			sourceTree = "<group>";
		};
		8C6273911AF7C545002D658E /* LaunchScreen.xib */ = {
			isa = PBXVariantGroup;
			children = (
				8C6273921AF7C545002D658E /* Base */,
			);
			name = LaunchScreen.xib;
			sourceTree = "<group>";
		};
/* End PBXVariantGroup section */

/* Begin XCBuildConfiguration section */
		8C6273A01AF7C545002D658E /* Debug */ = {
			isa = XCBuildConfiguration;
			buildSettings = {
				ALWAYS_SEARCH_USER_PATHS = NO;
				CLANG_CXX_LANGUAGE_STANDARD = "gnu++0x";
				CLANG_CXX_LIBRARY = "libc++";
				CLANG_ENABLE_MODULES = YES;
				CLANG_ENABLE_OBJC_ARC = YES;
				CLANG_WARN_BOOL_CONVERSION = YES;
				CLANG_WARN_CONSTANT_CONVERSION = YES;
				CLANG_WARN_DIRECT_OBJC_ISA_USAGE = YES_ERROR;
				CLANG_WARN_EMPTY_BODY = YES;
				CLANG_WARN_ENUM_CONVERSION = YES;
				CLANG_WARN_INT_CONVERSION = YES;
				CLANG_WARN_OBJC_ROOT_CLASS = YES_ERROR;
				CLANG_WARN_UNREACHABLE_CODE = YES;
				CLANG_WARN__DUPLICATE_METHOD_MATCH = YES;
				"CODE_SIGN_IDENTITY[sdk=iphoneos*]" = "iPhone Developer";
				COPY_PHASE_STRIP = NO;
				ENABLE_STRICT_OBJC_MSGSEND = YES;
				GCC_C_LANGUAGE_STANDARD = gnu99;
				GCC_DYNAMIC_NO_PIC = NO;
				GCC_OPTIMIZATION_LEVEL = 0;
				GCC_PREPROCESSOR_DEFINITIONS = (
					"DEBUG=1",
					"$(inherited)",
				);
				GCC_SYMBOLS_PRIVATE_EXTERN = NO;
				GCC_WARN_64_TO_32_BIT_CONVERSION = YES;
				GCC_WARN_ABOUT_RETURN_TYPE = YES_ERROR;
				GCC_WARN_UNDECLARED_SELECTOR = YES;
				GCC_WARN_UNINITIALIZED_AUTOS = YES_AGGRESSIVE;
				GCC_WARN_UNUSED_FUNCTION = YES;
				GCC_WARN_UNUSED_VARIABLE = YES;
				IPHONEOS_DEPLOYMENT_TARGET = 8.2;
				MTL_ENABLE_DEBUG_INFO = YES;
				ONLY_ACTIVE_ARCH = YES;
				SDKROOT = iphoneos;
			};
			name = Debug;
		};
		8C6273A11AF7C545002D658E /* Release */ = {
			isa = XCBuildConfiguration;
			buildSettings = {
				ALWAYS_SEARCH_USER_PATHS = NO;
				CLANG_CXX_LANGUAGE_STANDARD = "gnu++0x";
				CLANG_CXX_LIBRARY = "libc++";
				CLANG_ENABLE_MODULES = YES;
				CLANG_ENABLE_OBJC_ARC = YES;
				CLANG_WARN_BOOL_CONVERSION = YES;
				CLANG_WARN_CONSTANT_CONVERSION = YES;
				CLANG_WARN_DIRECT_OBJC_ISA_USAGE = YES_ERROR;
				CLANG_WARN_EMPTY_BODY = YES;
				CLANG_WARN_ENUM_CONVERSION = YES;
				CLANG_WARN_INT_CONVERSION = YES;
				CLANG_WARN_OBJC_ROOT_CLASS = YES_ERROR;
				CLANG_WARN_UNREACHABLE_CODE = YES;
				CLANG_WARN__DUPLICATE_METHOD_MATCH = YES;
				"CODE_SIGN_IDENTITY[sdk=iphoneos*]" = "iPhone Developer";
				COPY_PHASE_STRIP = NO;
				ENABLE_NS_ASSERTIONS = NO;
				ENABLE_STRICT_OBJC_MSGSEND = YES;
				GCC_C_LANGUAGE_STANDARD = gnu99;
				GCC_WARN_64_TO_32_BIT_CONVERSION = YES;
				GCC_WARN_ABOUT_RETURN_TYPE = YES_ERROR;
				GCC_WARN_UNDECLARED_SELECTOR = YES;
				GCC_WARN_UNINITIALIZED_AUTOS = YES_AGGRESSIVE;
				GCC_WARN_UNUSED_FUNCTION = YES;
				GCC_WARN_UNUSED_VARIABLE = YES;
				IPHONEOS_DEPLOYMENT_TARGET = 8.2;
				MTL_ENABLE_DEBUG_INFO = NO;
				SDKROOT = iphoneos;
				VALIDATE_PRODUCT = YES;
			};
			name = Release;
		};
		8C6273A31AF7C545002D658E /* Debug */ = {
			isa = XCBuildConfiguration;
			buildSettings = {
				ASSETCATALOG_COMPILER_APPICON_NAME = AppIcon;
				INFOPLIST_FILE = Stretch4/Info.plist;
				LD_RUNPATH_SEARCH_PATHS = "$(inherited) @executable_path/Frameworks";
				PRODUCT_NAME = "$(TARGET_NAME)";
			};
			name = Debug;
		};
		8C6273A41AF7C545002D658E /* Release */ = {
			isa = XCBuildConfiguration;
			buildSettings = {
				ASSETCATALOG_COMPILER_APPICON_NAME = AppIcon;
				INFOPLIST_FILE = Stretch4/Info.plist;
				LD_RUNPATH_SEARCH_PATHS = "$(inherited) @executable_path/Frameworks";
				PRODUCT_NAME = "$(TARGET_NAME)";
			};
			name = Release;
		};
		8C6273A61AF7C545002D658E /* Debug */ = {
			isa = XCBuildConfiguration;
			buildSettings = {
				BUNDLE_LOADER = "$(TEST_HOST)";
				FRAMEWORK_SEARCH_PATHS = (
					"$(SDKROOT)/Developer/Library/Frameworks",
					"$(inherited)",
				);
				GCC_PREPROCESSOR_DEFINITIONS = (
					"DEBUG=1",
					"$(inherited)",
				);
				INFOPLIST_FILE = Stretch4Tests/Info.plist;
				LD_RUNPATH_SEARCH_PATHS = "$(inherited) @executable_path/Frameworks @loader_path/Frameworks";
				PRODUCT_NAME = "$(TARGET_NAME)";
				TEST_HOST = "$(BUILT_PRODUCTS_DIR)/Stretch4.app/Stretch4";
			};
			name = Debug;
		};
		8C6273A71AF7C545002D658E /* Release */ = {
			isa = XCBuildConfiguration;
			buildSettings = {
				BUNDLE_LOADER = "$(TEST_HOST)";
				FRAMEWORK_SEARCH_PATHS = (
					"$(SDKROOT)/Developer/Library/Frameworks",
					"$(inherited)",
				);
				INFOPLIST_FILE = Stretch4Tests/Info.plist;
				LD_RUNPATH_SEARCH_PATHS = "$(inherited) @executable_path/Frameworks @loader_path/Frameworks";
				PRODUCT_NAME = "$(TARGET_NAME)";
				TEST_HOST = "$(BUILT_PRODUCTS_DIR)/Stretch4.app/Stretch4";
			};
			name = Release;
		};
/* End XCBuildConfiguration section */

/* Begin XCConfigurationList section */
		8C62737A1AF7C545002D658E /* Build configuration list for PBXProject "Stretch4" */ = {
			isa = XCConfigurationList;
			buildConfigurations = (
				8C6273A01AF7C545002D658E /* Debug */,
				8C6273A11AF7C545002D658E /* Release */,
			);
			defaultConfigurationIsVisible = 0;
			defaultConfigurationName = Release;
		};
		8C6273A21AF7C545002D658E /* Build configuration list for PBXNativeTarget "Stretch4" */ = {
			isa = XCConfigurationList;
			buildConfigurations = (
				8C6273A31AF7C545002D658E /* Debug */,
				8C6273A41AF7C545002D658E /* Release */,
			);
			defaultConfigurationIsVisible = 0;
		};
		8C6273A51AF7C545002D658E /* Build configuration list for PBXNativeTarget "Stretch4Tests" */ = {
			isa = XCConfigurationList;
			buildConfigurations = (
				8C6273A61AF7C545002D658E /* Debug */,
				8C6273A71AF7C545002D658E /* Release */,
			);
			defaultConfigurationIsVisible = 0;
		};
/* End XCConfigurationList section */
	};
	rootObject = 8C6273771AF7C545002D658E /* Project object */;
}
